
Microsoft Visual Studio Solution File, Format Version 12.00
# Visual Studio Version 17
VisualStudioVersion = 17.1.32210.238
MinimumVisualStudioVersion = 10.0.40219.1
Project("{FAE04EC0-301F-11D3-BF4B-00C04F79EFBC}") = "DesafiosIniciais", "DesafiosIniciais.csproj", "{8488907E-560B-40F6-B88B-C74FA0806A12}"
EndProject
Global
	GlobalSection(SolutionConfigurationPlatforms) = preSolution
		Debug|Any CPU = Debug|Any CPU
		Release|Any CPU = Release|Any CPU
	EndGlobalSection
	GlobalSection(ProjectConfigurationPlatforms) = postSolution
		{8488907E-560B-40F6-B88B-C74FA0806A12}.Debug|Any CPU.ActiveCfg = Debug|Any CPU
		{8488907E-560B-40F6-B88B-C74FA0806A12}.Debug|Any CPU.Build.0 = Debug|Any CPU
		{8488907E-560B-40F6-B88B-C74FA0806A12}.Release|Any CPU.ActiveCfg = Release|Any CPU
		{8488907E-560B-40F6-B88B-C74FA0806A12}.Release|Any CPU.Build.0 = Release|Any CPU
	EndGlobalSection
	GlobalSection(SolutionProperties) = preSolution
		HideSolutionNode = FALSE
	EndGlobalSection
	GlobalSection(ExtensibilityGlobals) = postSolution
		SolutionGuid = {1F0516D6-DDB6-4C3A-A5FD-B0E95C61C673}
	EndGlobalSection
EndGlobal
